// !$*UTF8*$!
{
	archiveVersion = 1;
	classes = {
	};
	objectVersion = 50;
	objects = {

/* Begin PBXBuildFile section */
		A070C9342635926300C28D3B /* AppDelegate.swift in Sources */ = {isa = PBXBuildFile; fileRef = A070C9332635926300C28D3B /* AppDelegate.swift */; };
		A070C9382635926300C28D3B /* ViewController.swift in Sources */ = {isa = PBXBuildFile; fileRef = A070C9372635926300C28D3B /* ViewController.swift */; };
		A070C93B2635926300C28D3B /* Main.storyboard in Resources */ = {isa = PBXBuildFile; fileRef = A070C9392635926300C28D3B /* Main.storyboard */; };
		A070C93D2635926600C28D3B /* Assets.xcassets in Resources */ = {isa = PBXBuildFile; fileRef = A070C93C2635926600C28D3B /* Assets.xcassets */; };
		A070C9402635926600C28D3B /* LaunchScreen.storyboard in Resources */ = {isa = PBXBuildFile; fileRef = A070C93E2635926600C28D3B /* LaunchScreen.storyboard */; };
		A070C94F2636D40200C28D3B /* Media.xcassets in Resources */ = {isa = PBXBuildFile; fileRef = A070C94E2636D40200C28D3B /* Media.xcassets */; };
		A070C9512636D40200C28D3B /* ActionViewController.swift in Sources */ = {isa = PBXBuildFile; fileRef = A070C9502636D40200C28D3B /* ActionViewController.swift */; };
		A070C9542636D40200C28D3B /* MainInterface.storyboard in Resources */ = {isa = PBXBuildFile; fileRef = A070C9522636D40200C28D3B /* MainInterface.storyboard */; };
		A070C9582636D40200C28D3B /* Extension.appex in Embed App Extensions */ = {isa = PBXBuildFile; fileRef = A070C94C2636D40200C28D3B /* Extension.appex */; settings = {ATTRIBUTES = (RemoveHeadersOnCopy, ); }; };
		A070C960263700F000C28D3B /* Action.js in Resources */ = {isa = PBXBuildFile; fileRef = A070C95F263700F000C28D3B /* Action.js */; };
/* End PBXBuildFile section */

/* Begin PBXContainerItemProxy section */
		A070C9562636D40200C28D3B /* PBXContainerItemProxy */ = {
			isa = PBXContainerItemProxy;
			containerPortal = A070C9282635926300C28D3B /* Project object */;
			proxyType = 1;
			remoteGlobalIDString = A070C94B2636D40200C28D3B;
			remoteInfo = Extension;
		};
/* End PBXContainerItemProxy section */

/* Begin PBXCopyFilesBuildPhase section */
		A070C95C2636D40200C28D3B /* Embed App Extensions */ = {
			isa = PBXCopyFilesBuildPhase;
			buildActionMask = 2147483647;
			dstPath = "";
			dstSubfolderSpec = 13;
			files = (
				A070C9582636D40200C28D3B /* Extension.appex in Embed App Extensions */,
			);
			name = "Embed App Extensions";
			runOnlyForDeploymentPostprocessing = 0;
		};
/* End PBXCopyFilesBuildPhase section */

/* Begin PBXFileReference section */
		A070C9302635926300C28D3B /* Project19.app */ = {isa = PBXFileReference; explicitFileType = wrapper.application; includeInIndex = 0; path = Project19.app; sourceTree = BUILT_PRODUCTS_DIR; };
		A070C9332635926300C28D3B /* AppDelegate.swift */ = {isa = PBXFileReference; lastKnownFileType = sourcecode.swift; path = AppDelegate.swift; sourceTree = "<group>"; };
		A070C9372635926300C28D3B /* ViewController.swift */ = {isa = PBXFileReference; lastKnownFileType = sourcecode.swift; path = ViewController.swift; sourceTree = "<group>"; };
		A070C93A2635926300C28D3B /* Base */ = {isa = PBXFileReference; lastKnownFileType = file.storyboard; name = Base; path = Base.lproj/Main.storyboard; sourceTree = "<group>"; };
		A070C93C2635926600C28D3B /* Assets.xcassets */ = {isa = PBXFileReference; lastKnownFileType = folder.assetcatalog; path = Assets.xcassets; sourceTree = "<group>"; };
		A070C93F2635926600C28D3B /* Base */ = {isa = PBXFileReference; lastKnownFileType = file.storyboard; name = Base; path = Base.lproj/LaunchScreen.storyboard; sourceTree = "<group>"; };
		A070C9412635926600C28D3B /* Info.plist */ = {isa = PBXFileReference; lastKnownFileType = text.plist.xml; path = Info.plist; sourceTree = "<group>"; };
		A070C94C2636D40200C28D3B /* Extension.appex */ = {isa = PBXFileReference; explicitFileType = "wrapper.app-extension"; includeInIndex = 0; path = Extension.appex; sourceTree = BUILT_PRODUCTS_DIR; };
		A070C94E2636D40200C28D3B /* Media.xcassets */ = {isa = PBXFileReference; lastKnownFileType = folder.assetcatalog; path = Media.xcassets; sourceTree = "<group>"; };
		A070C9502636D40200C28D3B /* ActionViewController.swift */ = {isa = PBXFileReference; lastKnownFileType = sourcecode.swift; path = ActionViewController.swift; sourceTree = "<group>"; };
		A070C9532636D40200C28D3B /* Base */ = {isa = PBXFileReference; lastKnownFileType = file.storyboard; name = Base; path = Base.lproj/MainInterface.storyboard; sourceTree = "<group>"; };
		A070C9552636D40200C28D3B /* Info.plist */ = {isa = PBXFileReference; lastKnownFileType = text.plist.xml; path = Info.plist; sourceTree = "<group>"; };
		A070C95F263700F000C28D3B /* Action.js */ = {isa = PBXFileReference; lastKnownFileType = sourcecode.javascript; path = Action.js; sourceTree = "<group>"; };
/* End PBXFileReference section */

/* Begin PBXFrameworksBuildPhase section */
		A070C92D2635926300C28D3B /* Frameworks */ = {
			isa = PBXFrameworksBuildPhase;
			buildActionMask = 2147483647;
			files = (
			);
			runOnlyForDeploymentPostprocessing = 0;
		};
		A070C9492636D40200C28D3B /* Frameworks */ = {
			isa = PBXFrameworksBuildPhase;
			buildActionMask = 2147483647;
			files = (
			);
			runOnlyForDeploymentPostprocessing = 0;
		};
/* End PBXFrameworksBuildPhase section */

/* Begin PBXGroup section */
		A070C9272635926300C28D3B = {
			isa = PBXGroup;
			children = (
				A070C9322635926300C28D3B /* Project19 */,
				A070C94D2636D40200C28D3B /* Extension */,
				A070C9312635926300C28D3B /* Products */,
			);
			sourceTree = "<group>";
		};
		A070C9312635926300C28D3B /* Products */ = {
			isa = PBXGroup;
			children = (
				A070C9302635926300C28D3B /* Project19.app */,
				A070C94C2636D40200C28D3B /* Extension.appex */,
			);
			name = Products;
			sourceTree = "<group>";
		};
		A070C9322635926300C28D3B /* Project19 */ = {
			isa = PBXGroup;
			children = (
				A070C9332635926300C28D3B /* AppDelegate.swift */,
				A070C9372635926300C28D3B /* ViewController.swift */,
				A070C9392635926300C28D3B /* Main.storyboard */,
				A070C93C2635926600C28D3B /* Assets.xcassets */,
				A070C93E2635926600C28D3B /* LaunchScreen.storyboard */,
				A070C9412635926600C28D3B /* Info.plist */,
			);
			path = Project19;
			sourceTree = "<group>";
		};
		A070C94D2636D40200C28D3B /* Extension */ = {
			isa = PBXGroup;
			children = (
				A070C9502636D40200C28D3B /* ActionViewController.swift */,
				A070C9522636D40200C28D3B /* MainInterface.storyboard */,
				A070C9552636D40200C28D3B /* Info.plist */,
				A070C95F263700F000C28D3B /* Action.js */,
				A070C94E2636D40200C28D3B /* Media.xcassets */,
			);
			path = Extension;
			sourceTree = "<group>";
		};
/* End PBXGroup section */

/* Begin PBXNativeTarget section */
		A070C92F2635926300C28D3B /* Project19 */ = {
			isa = PBXNativeTarget;
			buildConfigurationList = A070C9442635926600C28D3B /* Build configuration list for PBXNativeTarget "Project19" */;
			buildPhases = (
				A070C92C2635926300C28D3B /* Sources */,
				A070C92D2635926300C28D3B /* Frameworks */,
				A070C92E2635926300C28D3B /* Resources */,
				A070C95C2636D40200C28D3B /* Embed App Extensions */,
			);
			buildRules = (
			);
			dependencies = (
				A070C9572636D40200C28D3B /* PBXTargetDependency */,
			);
			name = Project19;
			productName = Project19;
			productReference = A070C9302635926300C28D3B /* Project19.app */;
			productType = "com.apple.product-type.application";
		};
		A070C94B2636D40200C28D3B /* Extension */ = {
			isa = PBXNativeTarget;
			buildConfigurationList = A070C9592636D40200C28D3B /* Build configuration list for PBXNativeTarget "Extension" */;
			buildPhases = (
				A070C9482636D40200C28D3B /* Sources */,
				A070C9492636D40200C28D3B /* Frameworks */,
				A070C94A2636D40200C28D3B /* Resources */,
			);
			buildRules = (
			);
			dependencies = (
			);
			name = Extension;
			productName = Extension;
			productReference = A070C94C2636D40200C28D3B /* Extension.appex */;
			productType = "com.apple.product-type.app-extension";
		};
/* End PBXNativeTarget section */

/* Begin PBXProject section */
		A070C9282635926300C28D3B /* Project object */ = {
			isa = PBXProject;
			attributes = {
				LastSwiftUpdateCheck = 1240;
				LastUpgradeCheck = 1240;
				TargetAttributes = {
					A070C92F2635926300C28D3B = {
						CreatedOnToolsVersion = 12.4;
					};
					A070C94B2636D40200C28D3B = {
						CreatedOnToolsVersion = 12.4;
					};
				};
			};
			buildConfigurationList = A070C92B2635926300C28D3B /* Build configuration list for PBXProject "Project19" */;
			compatibilityVersion = "Xcode 9.3";
			developmentRegion = en;
			hasScannedForEncodings = 0;
			knownRegions = (
				en,
				Base,
			);
			mainGroup = A070C9272635926300C28D3B;
			productRefGroup = A070C9312635926300C28D3B /* Products */;
			projectDirPath = "";
			projectRoot = "";
			targets = (
				A070C92F2635926300C28D3B /* Project19 */,
				A070C94B2636D40200C28D3B /* Extension */,
			);
		};
/* End PBXProject section */

/* Begin PBXResourcesBuildPhase section */
		A070C92E2635926300C28D3B /* Resources */ = {
			isa = PBXResourcesBuildPhase;
			buildActionMask = 2147483647;
			files = (
				A070C9402635926600C28D3B /* LaunchScreen.storyboard in Resources */,
				A070C93D2635926600C28D3B /* Assets.xcassets in Resources */,
				A070C93B2635926300C28D3B /* Main.storyboard in Resources */,
			);
			runOnlyForDeploymentPostprocessing = 0;
		};
		A070C94A2636D40200C28D3B /* Resources */ = {
			isa = PBXResourcesBuildPhase;
			buildActionMask = 2147483647;
			files = (
				A070C960263700F000C28D3B /* Action.js in Resources */,
				A070C94F2636D40200C28D3B /* Media.xcassets in Resources */,
				A070C9542636D40200C28D3B /* MainInterface.storyboard in Resources */,
			);
			runOnlyForDeploymentPostprocessing = 0;
		};
/* End PBXResourcesBuildPhase section */

/* Begin PBXSourcesBuildPhase section */
		A070C92C2635926300C28D3B /* Sources */ = {
			isa = PBXSourcesBuildPhase;
			buildActionMask = 2147483647;
			files = (
				A070C9382635926300C28D3B /* ViewController.swift in Sources */,
				A070C9342635926300C28D3B /* AppDelegate.swift in Sources */,
			);
			runOnlyForDeploymentPostprocessing = 0;
		};
		A070C9482636D40200C28D3B /* Sources */ = {
			isa = PBXSourcesBuildPhase;
			buildActionMask = 2147483647;
			files = (
				A070C9512636D40200C28D3B /* ActionViewController.swift in Sources */,
			);
			runOnlyForDeploymentPostprocessing = 0;
		};
/* End PBXSourcesBuildPhase section */

/* Begin PBXTargetDependency section */
		A070C9572636D40200C28D3B /* PBXTargetDependency */ = {
			isa = PBXTargetDependency;
			target = A070C94B2636D40200C28D3B /* Extension */;
			targetProxy = A070C9562636D40200C28D3B /* PBXContainerItemProxy */;
		};
/* End PBXTargetDependency section */

/* Begin PBXVariantGroup section */
		A070C9392635926300C28D3B /* Main.storyboard */ = {
			isa = PBXVariantGroup;
			children = (
				A070C93A2635926300C28D3B /* Base */,
			);
			name = Main.storyboard;
			sourceTree = "<group>";
		};
		A070C93E2635926600C28D3B /* LaunchScreen.storyboard */ = {
			isa = PBXVariantGroup;
			children = (
				A070C93F2635926600C28D3B /* Base */,
			);
			name = LaunchScreen.storyboard;
			sourceTree = "<group>";
		};
		A070C9522636D40200C28D3B /* MainInterface.storyboard */ = {
			isa = PBXVariantGroup;
			children = (
				A070C9532636D40200C28D3B /* Base */,
			);
			name = MainInterface.storyboard;
			sourceTree = "<group>";
		};
/* End PBXVariantGroup section */

/* Begin XCBuildConfiguration section */
		A070C9422635926600C28D3B /* Debug */ = {
			isa = XCBuildConfiguration;
			buildSettings = {
				ALWAYS_SEARCH_USER_PATHS = NO;
				CLANG_ANALYZER_NONNULL = YES;
				CLANG_ANALYZER_NUMBER_OBJECT_CONVERSION = YES_AGGRESSIVE;
				CLANG_CXX_LANGUAGE_STANDARD = "gnu++14";
				CLANG_CXX_LIBRARY = "libc++";
				CLANG_ENABLE_MODULES = YES;
				CLANG_ENABLE_OBJC_ARC = YES;
				CLANG_ENABLE_OBJC_WEAK = YES;
				CLANG_WARN_BLOCK_CAPTURE_AUTORELEASING = YES;
				CLANG_WARN_BOOL_CONVERSION = YES;
				CLANG_WARN_COMMA = YES;
				CLANG_WARN_CONSTANT_CONVERSION = YES;
				CLANG_WARN_DEPRECATED_OBJC_IMPLEMENTATIONS = YES;
				CLANG_WARN_DIRECT_OBJC_ISA_USAGE = YES_ERROR;
				CLANG_WARN_DOCUMENTATION_COMMENTS = YES;
				CLANG_WARN_EMPTY_BODY = YES;
				CLANG_WARN_ENUM_CONVERSION = YES;
				CLANG_WARN_INFINITE_RECURSION = YES;
				CLANG_WARN_INT_CONVERSION = YES;
				CLANG_WARN_NON_LITERAL_NULL_CONVERSION = YES;
				CLANG_WARN_OBJC_IMPLICIT_RETAIN_SELF = YES;
				CLANG_WARN_OBJC_LITERAL_CONVERSION = YES;
				CLANG_WARN_OBJC_ROOT_CLASS = YES_ERROR;
				CLANG_WARN_QUOTED_INCLUDE_IN_FRAMEWORK_HEADER = YES;
				CLANG_WARN_RANGE_LOOP_ANALYSIS = YES;
				CLANG_WARN_STRICT_PROTOTYPES = YES;
				CLANG_WARN_SUSPICIOUS_MOVE = YES;
				CLANG_WARN_UNGUARDED_AVAILABILITY = YES_AGGRESSIVE;
				CLANG_WARN_UNREACHABLE_CODE = YES;
				CLANG_WARN__DUPLICATE_METHOD_MATCH = YES;
				COPY_PHASE_STRIP = NO;
				DEBUG_INFORMATION_FORMAT = dwarf;
				ENABLE_STRICT_OBJC_MSGSEND = YES;
				ENABLE_TESTABILITY = YES;
				GCC_C_LANGUAGE_STANDARD = gnu11;
				GCC_DYNAMIC_NO_PIC = NO;
				GCC_NO_COMMON_BLOCKS = YES;
				GCC_OPTIMIZATION_LEVEL = 0;
				GCC_PREPROCESSOR_DEFINITIONS = (
					"DEBUG=1",
					"$(inherited)",
				);
				GCC_WARN_64_TO_32_BIT_CONVERSION = YES;
				GCC_WARN_ABOUT_RETURN_TYPE = YES_ERROR;
				GCC_WARN_UNDECLARED_SELECTOR = YES;
				GCC_WARN_UNINITIALIZED_AUTOS = YES_AGGRESSIVE;
				GCC_WARN_UNUSED_FUNCTION = YES;
				GCC_WARN_UNUSED_VARIABLE = YES;
				IPHONEOS_DEPLOYMENT_TARGET = 14.4;
				MTL_ENABLE_DEBUG_INFO = INCLUDE_SOURCE;
				MTL_FAST_MATH = YES;
				ONLY_ACTIVE_ARCH = YES;
				SDKROOT = iphoneos;
				SWIFT_ACTIVE_COMPILATION_CONDITIONS = DEBUG;
				SWIFT_OPTIMIZATION_LEVEL = "-Onone";
			};
			name = Debug;
		};
		A070C9432635926600C28D3B /* Release */ = {
			isa = XCBuildConfiguration;
			buildSettings = {
				ALWAYS_SEARCH_USER_PATHS = NO;
				CLANG_ANALYZER_NONNULL = YES;
				CLANG_ANALYZER_NUMBER_OBJECT_CONVERSION = YES_AGGRESSIVE;
				CLANG_CXX_LANGUAGE_STANDARD = "gnu++14";
				CLANG_CXX_LIBRARY = "libc++";
				CLANG_ENABLE_MODULES = YES;
				CLANG_ENABLE_OBJC_ARC = YES;
				CLANG_ENABLE_OBJC_WEAK = YES;
				CLANG_WARN_BLOCK_CAPTURE_AUTORELEASING = YES;
				CLANG_WARN_BOOL_CONVERSION = YES;
				CLANG_WARN_COMMA = YES;
				CLANG_WARN_CONSTANT_CONVERSION = YES;
				CLANG_WARN_DEPRECATED_OBJC_IMPLEMENTATIONS = YES;
				CLANG_WARN_DIRECT_OBJC_ISA_USAGE = YES_ERROR;
				CLANG_WARN_DOCUMENTATION_COMMENTS = YES;
				CLANG_WARN_EMPTY_BODY = YES;
				CLANG_WARN_ENUM_CONVERSION = YES;
				CLANG_WARN_INFINITE_RECURSION = YES;
				CLANG_WARN_INT_CONVERSION = YES;
				CLANG_WARN_NON_LITERAL_NULL_CONVERSION = YES;
				CLANG_WARN_OBJC_IMPLICIT_RETAIN_SELF = YES;
				CLANG_WARN_OBJC_LITERAL_CONVERSION = YES;
				CLANG_WARN_OBJC_ROOT_CLASS = YES_ERROR;
				CLANG_WARN_QUOTED_INCLUDE_IN_FRAMEWORK_HEADER = YES;
				CLANG_WARN_RANGE_LOOP_ANALYSIS = YES;
				CLANG_WARN_STRICT_PROTOTYPES = YES;
				CLANG_WARN_SUSPICIOUS_MOVE = YES;
				CLANG_WARN_UNGUARDED_AVAILABILITY = YES_AGGRESSIVE;
				CLANG_WARN_UNREACHABLE_CODE = YES;
				CLANG_WARN__DUPLICATE_METHOD_MATCH = YES;
				COPY_PHASE_STRIP = NO;
				DEBUG_INFORMATION_FORMAT = "dwarf-with-dsym";
				ENABLE_NS_ASSERTIONS = NO;
				ENABLE_STRICT_OBJC_MSGSEND = YES;
				GCC_C_LANGUAGE_STANDARD = gnu11;
				GCC_NO_COMMON_BLOCKS = YES;
				GCC_WARN_64_TO_32_BIT_CONVERSION = YES;
				GCC_WARN_ABOUT_RETURN_TYPE = YES_ERROR;
				GCC_WARN_UNDECLARED_SELECTOR = YES;
				GCC_WARN_UNINITIALIZED_AUTOS = YES_AGGRESSIVE;
				GCC_WARN_UNUSED_FUNCTION = YES;
				GCC_WARN_UNUSED_VARIABLE = YES;
				IPHONEOS_DEPLOYMENT_TARGET = 14.4;
				MTL_ENABLE_DEBUG_INFO = NO;
				MTL_FAST_MATH = YES;
				SDKROOT = iphoneos;
				SWIFT_COMPILATION_MODE = wholemodule;
				SWIFT_OPTIMIZATION_LEVEL = "-O";
				VALIDATE_PRODUCT = YES;
			};
			name = Release;
		};
		A070C9452635926600C28D3B /* Debug */ = {
			isa = XCBuildConfiguration;
			buildSettings = {
				ALWAYS_EMBED_SWIFT_STANDARD_LIBRARIES = YES;
				ASSETCATALOG_COMPILER_APPICON_NAME = AppIcon;
				ASSETCATALOG_COMPILER_GLOBAL_ACCENT_COLOR_NAME = AccentColor;
				CODE_SIGN_STYLE = Automatic;
				DEVELOPMENT_TEAM = 4Q2TQFSSYY;
				INFOPLIST_FILE = Project19/Info.plist;
				LD_RUNPATH_SEARCH_PATHS = (
					"$(inherited)",
					"@executable_path/Frameworks",
				);
				PRODUCT_BUNDLE_IDENTIFIER = com.VatsaProduction.Project19;
				PRODUCT_NAME = "$(TARGET_NAME)";
				SWIFT_VERSION = 5.0;
				TARGETED_DEVICE_FAMILY = "1,2";
			};
			name = Debug;
		};
		A070C9462635926600C28D3B /* Release */ = {
			isa = XCBuildConfiguration;
			buildSettings = {
				ALWAYS_EMBED_SWIFT_STANDARD_LIBRARIES = YES;
				ASSETCATALOG_COMPILER_APPICON_NAME = AppIcon;
				ASSETCATALOG_COMPILER_GLOBAL_ACCENT_COLOR_NAME = AccentColor;
				CODE_SIGN_STYLE = Automatic;
				DEVELOPMENT_TEAM = 4Q2TQFSSYY;
				INFOPLIST_FILE = Project19/Info.plist;
				LD_RUNPATH_SEARCH_PATHS = (
					"$(inherited)",
					"@executable_path/Frameworks",
				);
				PRODUCT_BUNDLE_IDENTIFIER = com.VatsaProduction.Project19;
				PRODUCT_NAME = "$(TARGET_NAME)";
				SWIFT_VERSION = 5.0;
				TARGETED_DEVICE_FAMILY = "1,2";
			};
			name = Release;
		};
		A070C95A2636D40200C28D3B /* Debug */ = {
			isa = XCBuildConfiguration;
			buildSettings = {
				CODE_SIGN_STYLE = Automatic;
				DEVELOPMENT_TEAM = 4Q2TQFSSYY;
				INFOPLIST_FILE = Extension/Info.plist;
				LD_RUNPATH_SEARCH_PATHS = (
					"$(inherited)",
					"@executable_path/Frameworks",
					"@executable_path/../../Frameworks",
				);
				PRODUCT_BUNDLE_IDENTIFIER = com.VatsaProduction.Project19.Extension;
				PRODUCT_NAME = "$(TARGET_NAME)";
				SKIP_INSTALL = YES;
				SWIFT_VERSION = 5.0;
				TARGETED_DEVICE_FAMILY = "1,2";
			};
			name = Debug;
		};
		A070C95B2636D40200C28D3B /* Release */ = {
			isa = XCBuildConfiguration;
			buildSettings = {
				CODE_SIGN_STYLE = Automatic;
				DEVELOPMENT_TEAM = 4Q2TQFSSYY;
				INFOPLIST_FILE = Extension/Info.plist;
				LD_RUNPATH_SEARCH_PATHS = (
					"$(inherited)",
					"@executable_path/Frameworks",
					"@executable_path/../../Frameworks",
				);
				PRODUCT_BUNDLE_IDENTIFIER = com.VatsaProduction.Project19.Extension;
				PRODUCT_NAME = "$(TARGET_NAME)";
				SKIP_INSTALL = YES;
				SWIFT_VERSION = 5.0;
				TARGETED_DEVICE_FAMILY = "1,2";
			};
			name = Release;
		};
/* End XCBuildConfiguration section */

/* Begin XCConfigurationList section */
		A070C92B2635926300C28D3B /* Build configuration list for PBXProject "Project19" */ = {
			isa = XCConfigurationList;
			buildConfigurations = (
				A070C9422635926600C28D3B /* Debug */,
				A070C9432635926600C28D3B /* Release */,
			);
			defaultConfigurationIsVisible = 0;
			defaultConfigurationName = Release;
		};
		A070C9442635926600C28D3B /* Build configuration list for PBXNativeTarget "Project19" */ = {
			isa = XCConfigurationList;
			buildConfigurations = (
				A070C9452635926600C28D3B /* Debug */,
				A070C9462635926600C28D3B /* Release */,
			);
			defaultConfigurationIsVisible = 0;
			defaultConfigurationName = Release;
		};
		A070C9592636D40200C28D3B /* Build configuration list for PBXNativeTarget "Extension" */ = {
			isa = XCConfigurationList;
			buildConfigurations = (
				A070C95A2636D40200C28D3B /* Debug */,
				A070C95B2636D40200C28D3B /* Release */,
			);
			defaultConfigurationIsVisible = 0;
			defaultConfigurationName = Release;
		};
/* End XCConfigurationList section */
	};
	rootObject = A070C9282635926300C28D3B /* Project object */;
}
