// !$*UTF8*$!
{
	archiveVersion = 1;
	classes = {
	};
	objectVersion = 50;
	objects = {

/* Begin PBXBuildFile section */
		A0A09C72255A747100BEF28A /* AppDelegate.swift in Sources */ = {isa = PBXBuildFile; fileRef = A0A09C71255A747100BEF28A /* AppDelegate.swift */; };
		A0A09C74255A747100BEF28A /* SceneDelegate.swift in Sources */ = {isa = PBXBuildFile; fileRef = A0A09C73255A747100BEF28A /* SceneDelegate.swift */; };
		A0A09C76255A747100BEF28A /* ViewController.swift in Sources */ = {isa = PBXBuildFile; fileRef = A0A09C75255A747100BEF28A /* ViewController.swift */; };
		A0A09C79255A747100BEF28A /* Main.storyboard in Resources */ = {isa = PBXBuildFile; fileRef = A0A09C77255A747100BEF28A /* Main.storyboard */; };
		A0A09C7B255A747100BEF28A /* Assets.xcassets in Resources */ = {isa = PBXBuildFile; fileRef = A0A09C7A255A747100BEF28A /* Assets.xcassets */; };
		A0A09C7E255A747100BEF28A /* LaunchScreen.storyboard in Resources */ = {isa = PBXBuildFile; fileRef = A0A09C7C255A747100BEF28A /* LaunchScreen.storyboard */; };
		A0A09C8D255A749100BEF28A /* flags_io.png in Resources */ = {isa = PBXBuildFile; fileRef = A0A09C87255A749100BEF28A /* flags_io.png */; };
		A0A09C8E255A749100BEF28A /* flags_in.png in Resources */ = {isa = PBXBuildFile; fileRef = A0A09C88255A749100BEF28A /* flags_in.png */; };
		A0A09C8F255A749100BEF28A /* flags_af.png in Resources */ = {isa = PBXBuildFile; fileRef = A0A09C89255A749100BEF28A /* flags_af.png */; };
		A0A09C90255A749100BEF28A /* flags_bs.png in Resources */ = {isa = PBXBuildFile; fileRef = A0A09C8A255A749100BEF28A /* flags_bs.png */; };
		A0A09C91255A749100BEF28A /* flags_az.png in Resources */ = {isa = PBXBuildFile; fileRef = A0A09C8B255A749100BEF28A /* flags_az.png */; };
		A0A09C92255A749100BEF28A /* flags_al.png in Resources */ = {isa = PBXBuildFile; fileRef = A0A09C8C255A749100BEF28A /* flags_al.png */; };
/* End PBXBuildFile section */

/* Begin PBXFileReference section */
		A0A09C6E255A747100BEF28A /* SelfApp1.app */ = {isa = PBXFileReference; explicitFileType = wrapper.application; includeInIndex = 0; path = SelfApp1.app; sourceTree = BUILT_PRODUCTS_DIR; };
		A0A09C71255A747100BEF28A /* AppDelegate.swift */ = {isa = PBXFileReference; lastKnownFileType = sourcecode.swift; path = AppDelegate.swift; sourceTree = "<group>"; };
		A0A09C73255A747100BEF28A /* SceneDelegate.swift */ = {isa = PBXFileReference; lastKnownFileType = sourcecode.swift; path = SceneDelegate.swift; sourceTree = "<group>"; };
		A0A09C75255A747100BEF28A /* ViewController.swift */ = {isa = PBXFileReference; lastKnownFileType = sourcecode.swift; path = ViewController.swift; sourceTree = "<group>"; };
		A0A09C78255A747100BEF28A /* Base */ = {isa = PBXFileReference; lastKnownFileType = file.storyboard; name = Base; path = Base.lproj/Main.storyboard; sourceTree = "<group>"; };
		A0A09C7A255A747100BEF28A /* Assets.xcassets */ = {isa = PBXFileReference; lastKnownFileType = folder.assetcatalog; path = Assets.xcassets; sourceTree = "<group>"; };
		A0A09C7D255A747100BEF28A /* Base */ = {isa = PBXFileReference; lastKnownFileType = file.storyboard; name = Base; path = Base.lproj/LaunchScreen.storyboard; sourceTree = "<group>"; };
		A0A09C7F255A747100BEF28A /* Info.plist */ = {isa = PBXFileReference; lastKnownFileType = text.plist.xml; path = Info.plist; sourceTree = "<group>"; };
		A0A09C87255A749100BEF28A /* flags_io.png */ = {isa = PBXFileReference; lastKnownFileType = image.png; path = flags_io.png; sourceTree = "<group>"; };
		A0A09C88255A749100BEF28A /* flags_in.png */ = {isa = PBXFileReference; lastKnownFileType = image.png; path = flags_in.png; sourceTree = "<group>"; };
		A0A09C89255A749100BEF28A /* flags_af.png */ = {isa = PBXFileReference; lastKnownFileType = image.png; path = flags_af.png; sourceTree = "<group>"; };
		A0A09C8A255A749100BEF28A /* flags_bs.png */ = {isa = PBXFileReference; lastKnownFileType = image.png; path = flags_bs.png; sourceTree = "<group>"; };
		A0A09C8B255A749100BEF28A /* flags_az.png */ = {isa = PBXFileReference; lastKnownFileType = image.png; path = flags_az.png; sourceTree = "<group>"; };
		A0A09C8C255A749100BEF28A /* flags_al.png */ = {isa = PBXFileReference; lastKnownFileType = image.png; path = flags_al.png; sourceTree = "<group>"; };
/* End PBXFileReference section */

/* Begin PBXFrameworksBuildPhase section */
		A0A09C6B255A747100BEF28A /* Frameworks */ = {
			isa = PBXFrameworksBuildPhase;
			buildActionMask = 2147483647;
			files = (
			);
			runOnlyForDeploymentPostprocessing = 0;
		};
/* End PBXFrameworksBuildPhase section */

/* Begin PBXGroup section */
		A0A09C65255A747100BEF28A = {
			isa = PBXGroup;
			children = (
				A0A09C70255A747100BEF28A /* SelfApp1 */,
				A0A09C6F255A747100BEF28A /* Products */,
			);
			sourceTree = "<group>";
		};
		A0A09C6F255A747100BEF28A /* Products */ = {
			isa = PBXGroup;
			children = (
				A0A09C6E255A747100BEF28A /* SelfApp1.app */,
			);
			name = Products;
			sourceTree = "<group>";
		};
		A0A09C70255A747100BEF28A /* SelfApp1 */ = {
			isa = PBXGroup;
			children = (
				A0A09C71255A747100BEF28A /* AppDelegate.swift */,
				A0A09C73255A747100BEF28A /* SceneDelegate.swift */,
				A0A09C75255A747100BEF28A /* ViewController.swift */,
				A0A09C77255A747100BEF28A /* Main.storyboard */,
				A0A09C7A255A747100BEF28A /* Assets.xcassets */,
				A0A09C7C255A747100BEF28A /* LaunchScreen.storyboard */,
				A0A09C7F255A747100BEF28A /* Info.plist */,
				A0A09C86255A749100BEF28A /* Content */,
			);
			path = SelfApp1;
			sourceTree = "<group>";
		};
		A0A09C86255A749100BEF28A /* Content */ = {
			isa = PBXGroup;
			children = (
				A0A09C87255A749100BEF28A /* flags_io.png */,
				A0A09C88255A749100BEF28A /* flags_in.png */,
				A0A09C89255A749100BEF28A /* flags_af.png */,
				A0A09C8A255A749100BEF28A /* flags_bs.png */,
				A0A09C8B255A749100BEF28A /* flags_az.png */,
				A0A09C8C255A749100BEF28A /* flags_al.png */,
			);
			path = Content;
			sourceTree = "<group>";
		};
/* End PBXGroup section */

/* Begin PBXNativeTarget section */
		A0A09C6D255A747100BEF28A /* SelfApp1 */ = {
			isa = PBXNativeTarget;
			buildConfigurationList = A0A09C82255A747100BEF28A /* Build configuration list for PBXNativeTarget "SelfApp1" */;
			buildPhases = (
				A0A09C6A255A747100BEF28A /* Sources */,
				A0A09C6B255A747100BEF28A /* Frameworks */,
				A0A09C6C255A747100BEF28A /* Resources */,
			);
			buildRules = (
			);
			dependencies = (
			);
			name = SelfApp1;
			productName = SelfApp1;
			productReference = A0A09C6E255A747100BEF28A /* SelfApp1.app */;
			productType = "com.apple.product-type.application";
		};
/* End PBXNativeTarget section */

/* Begin PBXProject section */
		A0A09C66255A747100BEF28A /* Project object */ = {
			isa = PBXProject;
			attributes = {
				LastSwiftUpdateCheck = 1210;
				LastUpgradeCheck = 1210;
				TargetAttributes = {
					A0A09C6D255A747100BEF28A = {
						CreatedOnToolsVersion = 12.1;
					};
				};
			};
			buildConfigurationList = A0A09C69255A747100BEF28A /* Build configuration list for PBXProject "SelfApp1" */;
			compatibilityVersion = "Xcode 9.3";
			developmentRegion = en;
			hasScannedForEncodings = 0;
			knownRegions = (
				en,
				Base,
			);
			mainGroup = A0A09C65255A747100BEF28A;
			productRefGroup = A0A09C6F255A747100BEF28A /* Products */;
			projectDirPath = "";
			projectRoot = "";
			targets = (
				A0A09C6D255A747100BEF28A /* SelfApp1 */,
			);
		};
/* End PBXProject section */

/* Begin PBXResourcesBuildPhase section */
		A0A09C6C255A747100BEF28A /* Resources */ = {
			isa = PBXResourcesBuildPhase;
			buildActionMask = 2147483647;
			files = (
				A0A09C7E255A747100BEF28A /* LaunchScreen.storyboard in Resources */,
				A0A09C8E255A749100BEF28A /* flags_in.png in Resources */,
				A0A09C90255A749100BEF28A /* flags_bs.png in Resources */,
				A0A09C7B255A747100BEF28A /* Assets.xcassets in Resources */,
				A0A09C79255A747100BEF28A /* Main.storyboard in Resources */,
				A0A09C8F255A749100BEF28A /* flags_af.png in Resources */,
				A0A09C91255A749100BEF28A /* flags_az.png in Resources */,
				A0A09C92255A749100BEF28A /* flags_al.png in Resources */,
				A0A09C8D255A749100BEF28A /* flags_io.png in Resources */,
			);
			runOnlyForDeploymentPostprocessing = 0;
		};
/* End PBXResourcesBuildPhase section */

/* Begin PBXSourcesBuildPhase section */
		A0A09C6A255A747100BEF28A /* Sources */ = {
			isa = PBXSourcesBuildPhase;
			buildActionMask = 2147483647;
			files = (
				A0A09C76255A747100BEF28A /* ViewController.swift in Sources */,
				A0A09C72255A747100BEF28A /* AppDelegate.swift in Sources */,
				A0A09C74255A747100BEF28A /* SceneDelegate.swift in Sources */,
			);
			runOnlyForDeploymentPostprocessing = 0;
		};
/* End PBXSourcesBuildPhase section */

/* Begin PBXVariantGroup section */
		A0A09C77255A747100BEF28A /* Main.storyboard */ = {
			isa = PBXVariantGroup;
			children = (
				A0A09C78255A747100BEF28A /* Base */,
			);
			name = Main.storyboard;
			sourceTree = "<group>";
		};
		A0A09C7C255A747100BEF28A /* LaunchScreen.storyboard */ = {
			isa = PBXVariantGroup;
			children = (
				A0A09C7D255A747100BEF28A /* Base */,
			);
			name = LaunchScreen.storyboard;
			sourceTree = "<group>";
		};
/* End PBXVariantGroup section */

/* Begin XCBuildConfiguration section */
		A0A09C80255A747100BEF28A /* Debug */ = {
			isa = XCBuildConfiguration;
			buildSettings = {
				ALWAYS_SEARCH_USER_PATHS = NO;
				CLANG_ANALYZER_NONNULL = YES;
				CLANG_ANALYZER_NUMBER_OBJECT_CONVERSION = YES_AGGRESSIVE;
				CLANG_CXX_LANGUAGE_STANDARD = "gnu++14";
				CLANG_CXX_LIBRARY = "libc++";
				CLANG_ENABLE_MODULES = YES;
				CLANG_ENABLE_OBJC_ARC = YES;
				CLANG_ENABLE_OBJC_WEAK = YES;
				CLANG_WARN_BLOCK_CAPTURE_AUTORELEASING = YES;
				CLANG_WARN_BOOL_CONVERSION = YES;
				CLANG_WARN_COMMA = YES;
				CLANG_WARN_CONSTANT_CONVERSION = YES;
				CLANG_WARN_DEPRECATED_OBJC_IMPLEMENTATIONS = YES;
				CLANG_WARN_DIRECT_OBJC_ISA_USAGE = YES_ERROR;
				CLANG_WARN_DOCUMENTATION_COMMENTS = YES;
				CLANG_WARN_EMPTY_BODY = YES;
				CLANG_WARN_ENUM_CONVERSION = YES;
				CLANG_WARN_INFINITE_RECURSION = YES;
				CLANG_WARN_INT_CONVERSION = YES;
				CLANG_WARN_NON_LITERAL_NULL_CONVERSION = YES;
				CLANG_WARN_OBJC_IMPLICIT_RETAIN_SELF = YES;
				CLANG_WARN_OBJC_LITERAL_CONVERSION = YES;
				CLANG_WARN_OBJC_ROOT_CLASS = YES_ERROR;
				CLANG_WARN_QUOTED_INCLUDE_IN_FRAMEWORK_HEADER = YES;
				CLANG_WARN_RANGE_LOOP_ANALYSIS = YES;
				CLANG_WARN_STRICT_PROTOTYPES = YES;
				CLANG_WARN_SUSPICIOUS_MOVE = YES;
				CLANG_WARN_UNGUARDED_AVAILABILITY = YES_AGGRESSIVE;
				CLANG_WARN_UNREACHABLE_CODE = YES;
				CLANG_WARN__DUPLICATE_METHOD_MATCH = YES;
				COPY_PHASE_STRIP = NO;
				DEBUG_INFORMATION_FORMAT = dwarf;
				ENABLE_STRICT_OBJC_MSGSEND = YES;
				ENABLE_TESTABILITY = YES;
				GCC_C_LANGUAGE_STANDARD = gnu11;
				GCC_DYNAMIC_NO_PIC = NO;
				GCC_NO_COMMON_BLOCKS = YES;
				GCC_OPTIMIZATION_LEVEL = 0;
				GCC_PREPROCESSOR_DEFINITIONS = (
					"DEBUG=1",
					"$(inherited)",
				);
				GCC_WARN_64_TO_32_BIT_CONVERSION = YES;
				GCC_WARN_ABOUT_RETURN_TYPE = YES_ERROR;
				GCC_WARN_UNDECLARED_SELECTOR = YES;
				GCC_WARN_UNINITIALIZED_AUTOS = YES_AGGRESSIVE;
				GCC_WARN_UNUSED_FUNCTION = YES;
				GCC_WARN_UNUSED_VARIABLE = YES;
				IPHONEOS_DEPLOYMENT_TARGET = 14.1;
				MTL_ENABLE_DEBUG_INFO = INCLUDE_SOURCE;
				MTL_FAST_MATH = YES;
				ONLY_ACTIVE_ARCH = YES;
				SDKROOT = iphoneos;
				SWIFT_ACTIVE_COMPILATION_CONDITIONS = DEBUG;
				SWIFT_OPTIMIZATION_LEVEL = "-Onone";
			};
			name = Debug;
		};
		A0A09C81255A747100BEF28A /* Release */ = {
			isa = XCBuildConfiguration;
			buildSettings = {
				ALWAYS_SEARCH_USER_PATHS = NO;
				CLANG_ANALYZER_NONNULL = YES;
				CLANG_ANALYZER_NUMBER_OBJECT_CONVERSION = YES_AGGRESSIVE;
				CLANG_CXX_LANGUAGE_STANDARD = "gnu++14";
				CLANG_CXX_LIBRARY = "libc++";
				CLANG_ENABLE_MODULES = YES;
				CLANG_ENABLE_OBJC_ARC = YES;
				CLANG_ENABLE_OBJC_WEAK = YES;
				CLANG_WARN_BLOCK_CAPTURE_AUTORELEASING = YES;
				CLANG_WARN_BOOL_CONVERSION = YES;
				CLANG_WARN_COMMA = YES;
				CLANG_WARN_CONSTANT_CONVERSION = YES;
				CLANG_WARN_DEPRECATED_OBJC_IMPLEMENTATIONS = YES;
				CLANG_WARN_DIRECT_OBJC_ISA_USAGE = YES_ERROR;
				CLANG_WARN_DOCUMENTATION_COMMENTS = YES;
				CLANG_WARN_EMPTY_BODY = YES;
				CLANG_WARN_ENUM_CONVERSION = YES;
				CLANG_WARN_INFINITE_RECURSION = YES;
				CLANG_WARN_INT_CONVERSION = YES;
				CLANG_WARN_NON_LITERAL_NULL_CONVERSION = YES;
				CLANG_WARN_OBJC_IMPLICIT_RETAIN_SELF = YES;
				CLANG_WARN_OBJC_LITERAL_CONVERSION = YES;
				CLANG_WARN_OBJC_ROOT_CLASS = YES_ERROR;
				CLANG_WARN_QUOTED_INCLUDE_IN_FRAMEWORK_HEADER = YES;
				CLANG_WARN_RANGE_LOOP_ANALYSIS = YES;
				CLANG_WARN_STRICT_PROTOTYPES = YES;
				CLANG_WARN_SUSPICIOUS_MOVE = YES;
				CLANG_WARN_UNGUARDED_AVAILABILITY = YES_AGGRESSIVE;
				CLANG_WARN_UNREACHABLE_CODE = YES;
				CLANG_WARN__DUPLICATE_METHOD_MATCH = YES;
				COPY_PHASE_STRIP = NO;
				DEBUG_INFORMATION_FORMAT = "dwarf-with-dsym";
				ENABLE_NS_ASSERTIONS = NO;
				ENABLE_STRICT_OBJC_MSGSEND = YES;
				GCC_C_LANGUAGE_STANDARD = gnu11;
				GCC_NO_COMMON_BLOCKS = YES;
				GCC_WARN_64_TO_32_BIT_CONVERSION = YES;
				GCC_WARN_ABOUT_RETURN_TYPE = YES_ERROR;
				GCC_WARN_UNDECLARED_SELECTOR = YES;
				GCC_WARN_UNINITIALIZED_AUTOS = YES_AGGRESSIVE;
				GCC_WARN_UNUSED_FUNCTION = YES;
				GCC_WARN_UNUSED_VARIABLE = YES;
				IPHONEOS_DEPLOYMENT_TARGET = 14.1;
				MTL_ENABLE_DEBUG_INFO = NO;
				MTL_FAST_MATH = YES;
				SDKROOT = iphoneos;
				SWIFT_COMPILATION_MODE = wholemodule;
				SWIFT_OPTIMIZATION_LEVEL = "-O";
				VALIDATE_PRODUCT = YES;
			};
			name = Release;
		};
		A0A09C83255A747100BEF28A /* Debug */ = {
			isa = XCBuildConfiguration;
			buildSettings = {
				ASSETCATALOG_COMPILER_APPICON_NAME = AppIcon;
				ASSETCATALOG_COMPILER_GLOBAL_ACCENT_COLOR_NAME = AccentColor;
				CODE_SIGN_STYLE = Automatic;
				DEVELOPMENT_TEAM = 4Q2TQFSSYY;
				INFOPLIST_FILE = SelfApp1/Info.plist;
				LD_RUNPATH_SEARCH_PATHS = (
					"$(inherited)",
					"@executable_path/Frameworks",
				);
				PRODUCT_BUNDLE_IDENTIFIER = com.VatsaProduction.SelfApp1;
				PRODUCT_NAME = "$(TARGET_NAME)";
				SWIFT_VERSION = 5.0;
				TARGETED_DEVICE_FAMILY = "1,2";
			};
			name = Debug;
		};
		A0A09C84255A747100BEF28A /* Release */ = {
			isa = XCBuildConfiguration;
			buildSettings = {
				ASSETCATALOG_COMPILER_APPICON_NAME = AppIcon;
				ASSETCATALOG_COMPILER_GLOBAL_ACCENT_COLOR_NAME = AccentColor;
				CODE_SIGN_STYLE = Automatic;
				DEVELOPMENT_TEAM = 4Q2TQFSSYY;
				INFOPLIST_FILE = SelfApp1/Info.plist;
				LD_RUNPATH_SEARCH_PATHS = (
					"$(inherited)",
					"@executable_path/Frameworks",
				);
				PRODUCT_BUNDLE_IDENTIFIER = com.VatsaProduction.SelfApp1;
				PRODUCT_NAME = "$(TARGET_NAME)";
				SWIFT_VERSION = 5.0;
				TARGETED_DEVICE_FAMILY = "1,2";
			};
			name = Release;
		};
/* End XCBuildConfiguration section */

/* Begin XCConfigurationList section */
		A0A09C69255A747100BEF28A /* Build configuration list for PBXProject "SelfApp1" */ = {
			isa = XCConfigurationList;
			buildConfigurations = (
				A0A09C80255A747100BEF28A /* Debug */,
				A0A09C81255A747100BEF28A /* Release */,
			);
			defaultConfigurationIsVisible = 0;
			defaultConfigurationName = Release;
		};
		A0A09C82255A747100BEF28A /* Build configuration list for PBXNativeTarget "SelfApp1" */ = {
			isa = XCConfigurationList;
			buildConfigurations = (
				A0A09C83255A747100BEF28A /* Debug */,
				A0A09C84255A747100BEF28A /* Release */,
			);
			defaultConfigurationIsVisible = 0;
			defaultConfigurationName = Release;
		};
/* End XCConfigurationList section */
	};
	rootObject = A0A09C66255A747100BEF28A /* Project object */;
}
